
Microsoft Visual Studio Solution File, Format Version 12.00
# Visual Studio Version 16
VisualStudioVersion = 16.0.29123.88
MinimumVisualStudioVersion = 10.0.40219.1
Project("{FAE04EC0-301F-11D3-BF4B-00C04F79EFBC}") = "LibraryManagement", "LibraryManagement.csproj", "{319D5FDD-09DF-4A9C-B0C6-0E2C5A30A1F1}"
EndProject
Project("{FAE04EC0-301F-11D3-BF4B-00C04F79EFBC}") = "LibraryManagementAPI", "..\LibraryManagementAPI\LibraryManagementAPI.csproj", "{47881AEA-B835-4056-A4D6-313F75EE0714}"
EndProject
Global
	GlobalSection(SolutionConfigurationPlatforms) = preSolution
		Debug|Any CPU = Debug|Any CPU
		Release|Any CPU = Release|Any CPU
	EndGlobalSection
	GlobalSection(ProjectConfigurationPlatforms) = postSolution
		{319D5FDD-09DF-4A9C-B0C6-0E2C5A30A1F1}.Debug|Any CPU.ActiveCfg = Debug|Any CPU
		{319D5FDD-09DF-4A9C-B0C6-0E2C5A30A1F1}.Debug|Any CPU.Build.0 = Debug|Any CPU
		{319D5FDD-09DF-4A9C-B0C6-0E2C5A30A1F1}.Release|Any CPU.ActiveCfg = Release|Any CPU
		{319D5FDD-09DF-4A9C-B0C6-0E2C5A30A1F1}.Release|Any CPU.Build.0 = Release|Any CPU
		{47881AEA-B835-4056-A4D6-313F75EE0714}.Debug|Any CPU.ActiveCfg = Debug|Any CPU
		{47881AEA-B835-4056-A4D6-313F75EE0714}.Debug|Any CPU.Build.0 = Debug|Any CPU
		{47881AEA-B835-4056-A4D6-313F75EE0714}.Release|Any CPU.ActiveCfg = Release|Any CPU
		{47881AEA-B835-4056-A4D6-313F75EE0714}.Release|Any CPU.Build.0 = Release|Any CPU
	EndGlobalSection
	GlobalSection(SolutionProperties) = preSolution
		HideSolutionNode = FALSE
	EndGlobalSection
	GlobalSection(ExtensibilityGlobals) = postSolution
		SolutionGuid = {52B70CA4-1E3D-424F-AED2-A9357E574E8C}
	EndGlobalSection
EndGlobal
